// !$*UTF8*$!
{
	archiveVersion = 1;
	classes = {
	};
	objectVersion = 56;
	objects = {

/* Begin PBXBuildFile section */
		DA1B1E992BFCD34E0061BA97 /* AppDelegate.swift in Sources */ = {isa = PBXBuildFile; fileRef = DA1B1E982BFCD34E0061BA97 /* AppDelegate.swift */; };
		DA1B1E9B2BFCD34E0061BA97 /* SceneDelegate.swift in Sources */ = {isa = PBXBuildFile; fileRef = DA1B1E9A2BFCD34E0061BA97 /* SceneDelegate.swift */; };
		DA1B1E9D2BFCD34F0061BA97 /* ViewController.swift in Sources */ = {isa = PBXBuildFile; fileRef = DA1B1E9C2BFCD34E0061BA97 /* ViewController.swift */; };
		DA1B1EA02BFCD34F0061BA97 /* Base in Resources */ = {isa = PBXBuildFile; fileRef = DA1B1E9F2BFCD34F0061BA97 /* Base */; };
		DA1B1EA22BFCD3500061BA97 /* Assets.xcassets in Resources */ = {isa = PBXBuildFile; fileRef = DA1B1EA12BFCD3500061BA97 /* Assets.xcassets */; };
		DA1B1EA52BFCD3500061BA97 /* Base in Resources */ = {isa = PBXBuildFile; fileRef = DA1B1EA42BFCD3500061BA97 /* Base */; };
		DA1B1EAE2BFCD42D0061BA97 /* GoogleMaps in Frameworks */ = {isa = PBXBuildFile; productRef = DA1B1EAD2BFCD42D0061BA97 /* GoogleMaps */; };
		DA1B1EB02BFCD42D0061BA97 /* GoogleMapsBase in Frameworks */ = {isa = PBXBuildFile; productRef = DA1B1EAF2BFCD42D0061BA97 /* GoogleMapsBase */; };
		DA1B1EB22BFCD42D0061BA97 /* GoogleMapsCore in Frameworks */ = {isa = PBXBuildFile; productRef = DA1B1EB12BFCD42D0061BA97 /* GoogleMapsCore */; };
		DA1B1EB52BFCD43B0061BA97 /* GooglePlaces in Frameworks */ = {isa = PBXBuildFile; productRef = DA1B1EB42BFCD43B0061BA97 /* GooglePlaces */; };
/* End PBXBuildFile section */

/* Begin PBXFileReference section */
		DA1B1E952BFCD34E0061BA97 /* DuplicateSymbolsInGMP.app */ = {isa = PBXFileReference; explicitFileType = wrapper.application; includeInIndex = 0; path = DuplicateSymbolsInGMP.app; sourceTree = BUILT_PRODUCTS_DIR; };
		DA1B1E982BFCD34E0061BA97 /* AppDelegate.swift */ = {isa = PBXFileReference; lastKnownFileType = sourcecode.swift; path = AppDelegate.swift; sourceTree = "<group>"; };
		DA1B1E9A2BFCD34E0061BA97 /* SceneDelegate.swift */ = {isa = PBXFileReference; lastKnownFileType = sourcecode.swift; path = SceneDelegate.swift; sourceTree = "<group>"; };
		DA1B1E9C2BFCD34E0061BA97 /* ViewController.swift */ = {isa = PBXFileReference; lastKnownFileType = sourcecode.swift; path = ViewController.swift; sourceTree = "<group>"; };
		DA1B1E9F2BFCD34F0061BA97 /* Base */ = {isa = PBXFileReference; lastKnownFileType = file.storyboard; name = Base; path = Base.lproj/Main.storyboard; sourceTree = "<group>"; };
		DA1B1EA12BFCD3500061BA97 /* Assets.xcassets */ = {isa = PBXFileReference; lastKnownFileType = folder.assetcatalog; path = Assets.xcassets; sourceTree = "<group>"; };
		DA1B1EA42BFCD3500061BA97 /* Base */ = {isa = PBXFileReference; lastKnownFileType = file.storyboard; name = Base; path = Base.lproj/LaunchScreen.storyboard; sourceTree = "<group>"; };
		DA1B1EA62BFCD3500061BA97 /* Info.plist */ = {isa = PBXFileReference; lastKnownFileType = text.plist.xml; path = Info.plist; sourceTree = "<group>"; };
/* End PBXFileReference section */

/* Begin PBXFrameworksBuildPhase section */
		DA1B1E922BFCD34E0061BA97 /* Frameworks */ = {
			isa = PBXFrameworksBuildPhase;
			buildActionMask = 2147483647;
			files = (
				DA1B1EAE2BFCD42D0061BA97 /* GoogleMaps in Frameworks */,
				DA1B1EB52BFCD43B0061BA97 /* GooglePlaces in Frameworks */,
				DA1B1EB22BFCD42D0061BA97 /* GoogleMapsCore in Frameworks */,
				DA1B1EB02BFCD42D0061BA97 /* GoogleMapsBase in Frameworks */,
			);
			runOnlyForDeploymentPostprocessing = 0;
		};
/* End PBXFrameworksBuildPhase section */

/* Begin PBXGroup section */
		DA1B1E8C2BFCD34E0061BA97 = {
			isa = PBXGroup;
			children = (
				DA1B1E972BFCD34E0061BA97 /* DuplicateSymbolsInGMP */,
				DA1B1E962BFCD34E0061BA97 /* Products */,
			);
			sourceTree = "<group>";
		};
		DA1B1E962BFCD34E0061BA97 /* Products */ = {
			isa = PBXGroup;
			children = (
				DA1B1E952BFCD34E0061BA97 /* DuplicateSymbolsInGMP.app */,
			);
			name = Products;
			sourceTree = "<group>";
		};
		DA1B1E972BFCD34E0061BA97 /* DuplicateSymbolsInGMP */ = {
			isa = PBXGroup;
			children = (
				DA1B1E982BFCD34E0061BA97 /* AppDelegate.swift */,
				DA1B1E9A2BFCD34E0061BA97 /* SceneDelegate.swift */,
				DA1B1E9C2BFCD34E0061BA97 /* ViewController.swift */,
				DA1B1E9E2BFCD34F0061BA97 /* Main.storyboard */,
				DA1B1EA12BFCD3500061BA97 /* Assets.xcassets */,
				DA1B1EA32BFCD3500061BA97 /* LaunchScreen.storyboard */,
				DA1B1EA62BFCD3500061BA97 /* Info.plist */,
			);
			path = DuplicateSymbolsInGMP;
			sourceTree = "<group>";
		};
/* End PBXGroup section */

/* Begin PBXNativeTarget section */
		DA1B1E942BFCD34E0061BA97 /* DuplicateSymbolsInGMP */ = {
			isa = PBXNativeTarget;
			buildConfigurationList = DA1B1EA92BFCD3500061BA97 /* Build configuration list for PBXNativeTarget "DuplicateSymbolsInGMP" */;
			buildPhases = (
				DA1B1E912BFCD34E0061BA97 /* Sources */,
				DA1B1E922BFCD34E0061BA97 /* Frameworks */,
				DA1B1E932BFCD34E0061BA97 /* Resources */,
			);
			buildRules = (
			);
			dependencies = (
			);
			name = DuplicateSymbolsInGMP;
			packageProductDependencies = (
				DA1B1EAD2BFCD42D0061BA97 /* GoogleMaps */,
				DA1B1EAF2BFCD42D0061BA97 /* GoogleMapsBase */,
				DA1B1EB12BFCD42D0061BA97 /* GoogleMapsCore */,
				DA1B1EB42BFCD43B0061BA97 /* GooglePlaces */,
			);
			productName = DuplicateSymbolsInGMP;
			productReference = DA1B1E952BFCD34E0061BA97 /* DuplicateSymbolsInGMP.app */;
			productType = "com.apple.product-type.application";
		};
/* End PBXNativeTarget section */

/* Begin PBXProject section */
		DA1B1E8D2BFCD34E0061BA97 /* Project object */ = {
			isa = PBXProject;
			attributes = {
				BuildIndependentTargetsInParallel = 1;
				LastSwiftUpdateCheck = 1540;
				LastUpgradeCheck = 1540;
				TargetAttributes = {
					DA1B1E942BFCD34E0061BA97 = {
						CreatedOnToolsVersion = 15.4;
					};
				};
			};
			buildConfigurationList = DA1B1E902BFCD34E0061BA97 /* Build configuration list for PBXProject "DuplicateSymbolsInGMP" */;
			compatibilityVersion = "Xcode 14.0";
			developmentRegion = en;
			hasScannedForEncodings = 0;
			knownRegions = (
				en,
				Base,
			);
			mainGroup = DA1B1E8C2BFCD34E0061BA97;
			packageReferences = (
				DA1B1EAC2BFCD42D0061BA97 /* XCRemoteSwiftPackageReference "ios-maps-sdk" */,
				DA1B1EB32BFCD43B0061BA97 /* XCRemoteSwiftPackageReference "ios-places-sdk" */,
			);
			productRefGroup = DA1B1E962BFCD34E0061BA97 /* Products */;
			projectDirPath = "";
			projectRoot = "";
			targets = (
				DA1B1E942BFCD34E0061BA97 /* DuplicateSymbolsInGMP */,
			);
		};
/* End PBXProject section */

/* Begin PBXResourcesBuildPhase section */
		DA1B1E932BFCD34E0061BA97 /* Resources */ = {
			isa = PBXResourcesBuildPhase;
			buildActionMask = 2147483647;
			files = (
				DA1B1EA22BFCD3500061BA97 /* Assets.xcassets in Resources */,
				DA1B1EA52BFCD3500061BA97 /* Base in Resources */,
				DA1B1EA02BFCD34F0061BA97 /* Base in Resources */,
			);
			runOnlyForDeploymentPostprocessing = 0;
		};
/* End PBXResourcesBuildPhase section */

/* Begin PBXSourcesBuildPhase section */
		DA1B1E912BFCD34E0061BA97 /* Sources */ = {
			isa = PBXSourcesBuildPhase;
			buildActionMask = 2147483647;
			files = (
				DA1B1E9D2BFCD34F0061BA97 /* ViewController.swift in Sources */,
				DA1B1E992BFCD34E0061BA97 /* AppDelegate.swift in Sources */,
				DA1B1E9B2BFCD34E0061BA97 /* SceneDelegate.swift in Sources */,
			);
			runOnlyForDeploymentPostprocessing = 0;
		};
/* End PBXSourcesBuildPhase section */

/* Begin PBXVariantGroup section */
		DA1B1E9E2BFCD34F0061BA97 /* Main.storyboard */ = {
			isa = PBXVariantGroup;
			children = (
				DA1B1E9F2BFCD34F0061BA97 /* Base */,
			);
			name = Main.storyboard;
			sourceTree = "<group>";
		};
		DA1B1EA32BFCD3500061BA97 /* LaunchScreen.storyboard */ = {
			isa = PBXVariantGroup;
			children = (
				DA1B1EA42BFCD3500061BA97 /* Base */,
			);
			name = LaunchScreen.storyboard;
			sourceTree = "<group>";
		};
/* End PBXVariantGroup section */

/* Begin XCBuildConfiguration section */
		DA1B1EA72BFCD3500061BA97 /* Debug */ = {
			isa = XCBuildConfiguration;
			buildSettings = {
				ALWAYS_SEARCH_USER_PATHS = NO;
				ASSETCATALOG_COMPILER_GENERATE_SWIFT_ASSET_SYMBOL_EXTENSIONS = YES;
				CLANG_ANALYZER_NONNULL = YES;
				CLANG_ANALYZER_NUMBER_OBJECT_CONVERSION = YES_AGGRESSIVE;
				CLANG_CXX_LANGUAGE_STANDARD = "gnu++20";
				CLANG_ENABLE_MODULES = YES;
				CLANG_ENABLE_OBJC_ARC = YES;
				CLANG_ENABLE_OBJC_WEAK = YES;
				CLANG_WARN_BLOCK_CAPTURE_AUTORELEASING = YES;
				CLANG_WARN_BOOL_CONVERSION = YES;
				CLANG_WARN_COMMA = YES;
				CLANG_WARN_CONSTANT_CONVERSION = YES;
				CLANG_WARN_DEPRECATED_OBJC_IMPLEMENTATIONS = YES;
				CLANG_WARN_DIRECT_OBJC_ISA_USAGE = YES_ERROR;
				CLANG_WARN_DOCUMENTATION_COMMENTS = YES;
				CLANG_WARN_EMPTY_BODY = YES;
				CLANG_WARN_ENUM_CONVERSION = YES;
				CLANG_WARN_INFINITE_RECURSION = YES;
				CLANG_WARN_INT_CONVERSION = YES;
				CLANG_WARN_NON_LITERAL_NULL_CONVERSION = YES;
				CLANG_WARN_OBJC_IMPLICIT_RETAIN_SELF = YES;
				CLANG_WARN_OBJC_LITERAL_CONVERSION = YES;
				CLANG_WARN_OBJC_ROOT_CLASS = YES_ERROR;
				CLANG_WARN_QUOTED_INCLUDE_IN_FRAMEWORK_HEADER = YES;
				CLANG_WARN_RANGE_LOOP_ANALYSIS = YES;
				CLANG_WARN_STRICT_PROTOTYPES = YES;
				CLANG_WARN_SUSPICIOUS_MOVE = YES;
				CLANG_WARN_UNGUARDED_AVAILABILITY = YES_AGGRESSIVE;
				CLANG_WARN_UNREACHABLE_CODE = YES;
				CLANG_WARN__DUPLICATE_METHOD_MATCH = YES;
				COPY_PHASE_STRIP = NO;
				DEBUG_INFORMATION_FORMAT = dwarf;
				ENABLE_STRICT_OBJC_MSGSEND = YES;
				ENABLE_TESTABILITY = YES;
				ENABLE_USER_SCRIPT_SANDBOXING = YES;
				GCC_C_LANGUAGE_STANDARD = gnu17;
				GCC_DYNAMIC_NO_PIC = NO;
				GCC_NO_COMMON_BLOCKS = YES;
				GCC_OPTIMIZATION_LEVEL = 0;
				GCC_PREPROCESSOR_DEFINITIONS = (
					"DEBUG=1",
					"$(inherited)",
				);
				GCC_WARN_64_TO_32_BIT_CONVERSION = YES;
				GCC_WARN_ABOUT_RETURN_TYPE = YES_ERROR;
				GCC_WARN_UNDECLARED_SELECTOR = YES;
				GCC_WARN_UNINITIALIZED_AUTOS = YES_AGGRESSIVE;
				GCC_WARN_UNUSED_FUNCTION = YES;
				GCC_WARN_UNUSED_VARIABLE = YES;
				IPHONEOS_DEPLOYMENT_TARGET = 15.0;
				LOCALIZATION_PREFERS_STRING_CATALOGS = YES;
				MTL_ENABLE_DEBUG_INFO = INCLUDE_SOURCE;
				MTL_FAST_MATH = YES;
				ONLY_ACTIVE_ARCH = YES;
				SDKROOT = iphoneos;
				SWIFT_ACTIVE_COMPILATION_CONDITIONS = "DEBUG $(inherited)";
				SWIFT_OPTIMIZATION_LEVEL = "-Onone";
			};
			name = Debug;
		};
		DA1B1EA82BFCD3500061BA97 /* Release */ = {
			isa = XCBuildConfiguration;
			buildSettings = {
				ALWAYS_SEARCH_USER_PATHS = NO;
				ASSETCATALOG_COMPILER_GENERATE_SWIFT_ASSET_SYMBOL_EXTENSIONS = YES;
				CLANG_ANALYZER_NONNULL = YES;
				CLANG_ANALYZER_NUMBER_OBJECT_CONVERSION = YES_AGGRESSIVE;
				CLANG_CXX_LANGUAGE_STANDARD = "gnu++20";
				CLANG_ENABLE_MODULES = YES;
				CLANG_ENABLE_OBJC_ARC = YES;
				CLANG_ENABLE_OBJC_WEAK = YES;
				CLANG_WARN_BLOCK_CAPTURE_AUTORELEASING = YES;
				CLANG_WARN_BOOL_CONVERSION = YES;
				CLANG_WARN_COMMA = YES;
				CLANG_WARN_CONSTANT_CONVERSION = YES;
				CLANG_WARN_DEPRECATED_OBJC_IMPLEMENTATIONS = YES;
				CLANG_WARN_DIRECT_OBJC_ISA_USAGE = YES_ERROR;
				CLANG_WARN_DOCUMENTATION_COMMENTS = YES;
				CLANG_WARN_EMPTY_BODY = YES;
				CLANG_WARN_ENUM_CONVERSION = YES;
				CLANG_WARN_INFINITE_RECURSION = YES;
				CLANG_WARN_INT_CONVERSION = YES;
				CLANG_WARN_NON_LITERAL_NULL_CONVERSION = YES;
				CLANG_WARN_OBJC_IMPLICIT_RETAIN_SELF = YES;
				CLANG_WARN_OBJC_LITERAL_CONVERSION = YES;
				CLANG_WARN_OBJC_ROOT_CLASS = YES_ERROR;
				CLANG_WARN_QUOTED_INCLUDE_IN_FRAMEWORK_HEADER = YES;
				CLANG_WARN_RANGE_LOOP_ANALYSIS = YES;
				CLANG_WARN_STRICT_PROTOTYPES = YES;
				CLANG_WARN_SUSPICIOUS_MOVE = YES;
				CLANG_WARN_UNGUARDED_AVAILABILITY = YES_AGGRESSIVE;
				CLANG_WARN_UNREACHABLE_CODE = YES;
				CLANG_WARN__DUPLICATE_METHOD_MATCH = YES;
				COPY_PHASE_STRIP = NO;
				DEBUG_INFORMATION_FORMAT = "dwarf-with-dsym";
				ENABLE_NS_ASSERTIONS = NO;
				ENABLE_STRICT_OBJC_MSGSEND = YES;
				ENABLE_USER_SCRIPT_SANDBOXING = YES;
				GCC_C_LANGUAGE_STANDARD = gnu17;
				GCC_NO_COMMON_BLOCKS = YES;
				GCC_WARN_64_TO_32_BIT_CONVERSION = YES;
				GCC_WARN_ABOUT_RETURN_TYPE = YES_ERROR;
				GCC_WARN_UNDECLARED_SELECTOR = YES;
				GCC_WARN_UNINITIALIZED_AUTOS = YES_AGGRESSIVE;
				GCC_WARN_UNUSED_FUNCTION = YES;
				GCC_WARN_UNUSED_VARIABLE = YES;
				IPHONEOS_DEPLOYMENT_TARGET = 15.0;
				LOCALIZATION_PREFERS_STRING_CATALOGS = YES;
				MTL_ENABLE_DEBUG_INFO = NO;
				MTL_FAST_MATH = YES;
				SDKROOT = iphoneos;
				SWIFT_COMPILATION_MODE = wholemodule;
				VALIDATE_PRODUCT = YES;
			};
			name = Release;
		};
		DA1B1EAA2BFCD3500061BA97 /* Debug */ = {
			isa = XCBuildConfiguration;
			buildSettings = {
				ASSETCATALOG_COMPILER_APPICON_NAME = AppIcon;
				ASSETCATALOG_COMPILER_GLOBAL_ACCENT_COLOR_NAME = AccentColor;
				CODE_SIGN_IDENTITY = "Apple Development";
				CODE_SIGN_STYLE = Automatic;
				CURRENT_PROJECT_VERSION = 1;
				DEVELOPMENT_TEAM = "";
				GENERATE_INFOPLIST_FILE = YES;
				INFOPLIST_FILE = DuplicateSymbolsInGMP/Info.plist;
				INFOPLIST_KEY_UIApplicationSupportsIndirectInputEvents = YES;
				INFOPLIST_KEY_UILaunchStoryboardName = LaunchScreen;
				INFOPLIST_KEY_UIMainStoryboardFile = Main;
				INFOPLIST_KEY_UISupportedInterfaceOrientations_iPad = "UIInterfaceOrientationPortrait UIInterfaceOrientationPortraitUpsideDown UIInterfaceOrientationLandscapeLeft UIInterfaceOrientationLandscapeRight";
				INFOPLIST_KEY_UISupportedInterfaceOrientations_iPhone = "UIInterfaceOrientationPortrait UIInterfaceOrientationLandscapeLeft UIInterfaceOrientationLandscapeRight";
				IPHONEOS_DEPLOYMENT_TARGET = 15.0;
				LD_RUNPATH_SEARCH_PATHS = (
					"$(inherited)",
					"@executable_path/Frameworks",
				);
				MARKETING_VERSION = 1.0;
				PRODUCT_BUNDLE_IDENTIFIER = com.github.droibit.DuplicateSymbolsInGMP;
				PRODUCT_NAME = "$(TARGET_NAME)";
				PROVISIONING_PROFILE_SPECIFIER = "";
				SWIFT_EMIT_LOC_STRINGS = YES;
				SWIFT_VERSION = 5.0;
				TARGETED_DEVICE_FAMILY = "1,2";
			};
			name = Debug;
		};
		DA1B1EAB2BFCD3500061BA97 /* Release */ = {
			isa = XCBuildConfiguration;
			buildSettings = {
				ASSETCATALOG_COMPILER_APPICON_NAME = AppIcon;
				ASSETCATALOG_COMPILER_GLOBAL_ACCENT_COLOR_NAME = AccentColor;
				CODE_SIGN_IDENTITY = "Apple Development";
				CODE_SIGN_STYLE = Automatic;
				CURRENT_PROJECT_VERSION = 1;
				DEVELOPMENT_TEAM = "";
				GENERATE_INFOPLIST_FILE = YES;
				INFOPLIST_FILE = DuplicateSymbolsInGMP/Info.plist;
				INFOPLIST_KEY_UIApplicationSupportsIndirectInputEvents = YES;
				INFOPLIST_KEY_UILaunchStoryboardName = LaunchScreen;
				INFOPLIST_KEY_UIMainStoryboardFile = Main;
				INFOPLIST_KEY_UISupportedInterfaceOrientations_iPad = "UIInterfaceOrientationPortrait UIInterfaceOrientationPortraitUpsideDown UIInterfaceOrientationLandscapeLeft UIInterfaceOrientationLandscapeRight";
				INFOPLIST_KEY_UISupportedInterfaceOrientations_iPhone = "UIInterfaceOrientationPortrait UIInterfaceOrientationLandscapeLeft UIInterfaceOrientationLandscapeRight";
				IPHONEOS_DEPLOYMENT_TARGET = 15.0;
				LD_RUNPATH_SEARCH_PATHS = (
					"$(inherited)",
					"@executable_path/Frameworks",
				);
				MARKETING_VERSION = 1.0;
				PRODUCT_BUNDLE_IDENTIFIER = com.github.droibit.DuplicateSymbolsInGMP;
				PRODUCT_NAME = "$(TARGET_NAME)";
				PROVISIONING_PROFILE_SPECIFIER = "";
				SWIFT_EMIT_LOC_STRINGS = YES;
				SWIFT_VERSION = 5.0;
				TARGETED_DEVICE_FAMILY = "1,2";
			};
			name = Release;
		};
/* End XCBuildConfiguration section */

/* Begin XCConfigurationList section */
		DA1B1E902BFCD34E0061BA97 /* Build configuration list for PBXProject "DuplicateSymbolsInGMP" */ = {
			isa = XCConfigurationList;
			buildConfigurations = (
				DA1B1EA72BFCD3500061BA97 /* Debug */,
				DA1B1EA82BFCD3500061BA97 /* Release */,
			);
			defaultConfigurationIsVisible = 0;
			defaultConfigurationName = Release;
		};
		DA1B1EA92BFCD3500061BA97 /* Build configuration list for PBXNativeTarget "DuplicateSymbolsInGMP" */ = {
			isa = XCConfigurationList;
			buildConfigurations = (
				DA1B1EAA2BFCD3500061BA97 /* Debug */,
				DA1B1EAB2BFCD3500061BA97 /* Release */,
			);
			defaultConfigurationIsVisible = 0;
			defaultConfigurationName = Release;
		};
/* End XCConfigurationList section */

/* Begin XCRemoteSwiftPackageReference section */
		DA1B1EAC2BFCD42D0061BA97 /* XCRemoteSwiftPackageReference "ios-maps-sdk" */ = {
			isa = XCRemoteSwiftPackageReference;
			repositoryURL = "https://github.com/googlemaps/ios-maps-sdk";
			requirement = {
				kind = exactVersion;
				version = 8.4.0;
			};
		};
		DA1B1EB32BFCD43B0061BA97 /* XCRemoteSwiftPackageReference "ios-places-sdk" */ = {
			isa = XCRemoteSwiftPackageReference;
			repositoryURL = "https://github.com/googlemaps/ios-places-sdk";
			requirement = {
				kind = exactVersion;
				version = 8.5.0;
			};
		};
/* End XCRemoteSwiftPackageReference section */

/* Begin XCSwiftPackageProductDependency section */
		DA1B1EAD2BFCD42D0061BA97 /* GoogleMaps */ = {
			isa = XCSwiftPackageProductDependency;
			package = DA1B1EAC2BFCD42D0061BA97 /* XCRemoteSwiftPackageReference "ios-maps-sdk" */;
			productName = GoogleMaps;
		};
		DA1B1EAF2BFCD42D0061BA97 /* GoogleMapsBase */ = {
			isa = XCSwiftPackageProductDependency;
			package = DA1B1EAC2BFCD42D0061BA97 /* XCRemoteSwiftPackageReference "ios-maps-sdk" */;
			productName = GoogleMapsBase;
		};
		DA1B1EB12BFCD42D0061BA97 /* GoogleMapsCore */ = {
			isa = XCSwiftPackageProductDependency;
			package = DA1B1EAC2BFCD42D0061BA97 /* XCRemoteSwiftPackageReference "ios-maps-sdk" */;
			productName = GoogleMapsCore;
		};
		DA1B1EB42BFCD43B0061BA97 /* GooglePlaces */ = {
			isa = XCSwiftPackageProductDependency;
			package = DA1B1EB32BFCD43B0061BA97 /* XCRemoteSwiftPackageReference "ios-places-sdk" */;
			productName = GooglePlaces;
		};
/* End XCSwiftPackageProductDependency section */
	};
	rootObject = DA1B1E8D2BFCD34E0061BA97 /* Project object */;
}
